Microsoft Visual Studio Solution File, Format Version 12.00
# Visual Studio Version 16
VisualStudioVersion = 16.0.29503.13
MinimumVisualStudioVersion = 10.0.40219.1
Project("{FAE04EC0-301F-11D3-BF4B-00C04F79EFBC}") = "CypherData", "cypher_data\cypherData\CypherData.csproj", "{89662E3A-AF30-421A-A55E-0F112BFB3DC6}"
EndProject
Project("{FAE04EC0-301F-11D3-BF4B-00C04F79EFBC}") = "CypherInfo", "cypher_info\cypherInfo\CypherInfo.csproj", "{DA890D57-6BEC-460F-B5AB-56C093F72FC1}"
EndProject
Project("{FAE04EC0-301F-11D3-BF4B-00C04F79EFBC}") = "CypherInterface", "cypher_Interface\cypherInterface\CypherInterface.csproj", "{07377681-9B98-46F8-BA24-A7B75842A504}"
EndProject
Global
	GlobalSection(SolutionConfigurationPlatforms) = preSolution
		Debug|Any CPU = Debug|Any CPU
		Release|Any CPU = Release|Any CPU
	EndGlobalSection
	GlobalSection(ProjectConfigurationPlatforms) = postSolution
		{89662E3A-AF30-421A-A55E-0F112BFB3DC6}.Debug|Any CPU.ActiveCfg = Debug|Any CPU
		{89662E3A-AF30-421A-A55E-0F112BFB3DC6}.Debug|Any CPU.Build.0 = Debug|Any CPU
		{89662E3A-AF30-421A-A55E-0F112BFB3DC6}.Release|Any CPU.ActiveCfg = Release|Any CPU
		{89662E3A-AF30-421A-A55E-0F112BFB3DC6}.Release|Any CPU.Build.0 = Release|Any CPU
		{DA890D57-6BEC-460F-B5AB-56C093F72FC1}.Debug|Any CPU.ActiveCfg = Debug|Any CPU
		{DA890D57-6BEC-460F-B5AB-56C093F72FC1}.Debug|Any CPU.Build.0 = Debug|Any CPU
		{DA890D57-6BEC-460F-B5AB-56C093F72FC1}.Release|Any CPU.ActiveCfg = Release|Any CPU
		{DA890D57-6BEC-460F-B5AB-56C093F72FC1}.Release|Any CPU.Build.0 = Release|Any CPU
		{07377681-9B98-46F8-BA24-A7B75842A504}.Debug|Any CPU.ActiveCfg = Debug|Any CPU
		{07377681-9B98-46F8-BA24-A7B75842A504}.Debug|Any CPU.Build.0 = Debug|Any CPU
		{07377681-9B98-46F8-BA24-A7B75842A504}.Release|Any CPU.ActiveCfg = Release|Any CPU
		{07377681-9B98-46F8-BA24-A7B75842A504}.Release|Any CPU.Build.0 = Release|Any CPU
	EndGlobalSection
	GlobalSection(SolutionProperties) = preSolution
		HideSolutionNode = FALSE
	EndGlobalSection
	GlobalSection(ExtensibilityGlobals) = postSolution
		SolutionGuid = {45218CB8-A1AC-464F-BCC7-BACE2BC005A0}
		VisualSVNWorkingCopyRoot = .
	EndGlobalSection
EndGlobal
